{
  "version": "0.0.0",
  "lockfileVersion": 1,
  "requires": true,
  "dependencies": {
    "@ant-design/colors": {
      "version": "5.1.1",
      "resolved": "http://10.12.102.194:4873/@ant-design%2fcolors/-/colors-5.1.1.tgz",
      "integrity": "sha1-gAshhrHifmZDLmfQPtlq8+IdiUA=",
      "requires": {
        "@ctrl/tinycolor": "^3.3.1"
      }
    },
    "@ant-design/icons-svg": {
      "version": "4.1.0",
      "resolved": "http://10.12.102.194:4873/@ant-design%2ficons-svg/-/icons-svg-4.1.0.tgz",
      "integrity": "sha1-SAsCX0sg73/o9H1KSEbk/uhOoGw="
    },
    "@ant-design/icons-vue": {
      "version": "6.0.1",
      "resolved": "http://10.12.102.194:4873/@ant-design%2ficons-vue/-/icons-vue-6.0.1.tgz",
      "integrity": "sha1-nYBMPHTSz6+XyxjlgtO5QAk09f0=",
      "requires": {
        "@ant-design/colors": "^5.0.0",
        "@ant-design/icons-svg": "^4.0.0",
        "@types/lodash": "^4.14.165",
        "lodash": "^4.17.15"
      }
    },
    "@babel/helper-validator-identifier": {
      "version": "7.14.5",
      "resolved": "http://10.12.102.194:4873/@babel%2fhelper-validator-identifier/-/helper-validator-identifier-7.14.5.tgz",
      "integrity": "sha1-0PDid8US4Mk4J3+qhaOWjJpEwOg="
    },
    "@babel/parser": {
      "version": "7.14.7",
      "resolved": "http://10.12.102.194:4873/@babel%2fparser/-/parser-7.14.7.tgz",
      "integrity": "sha1-YJlyDIg5yoZaJjfmyFhS6tC9tZU="
    },
    "@babel/runtime": {
      "version": "7.14.6",
      "resolved": "http://10.12.102.194:4873/@babel%2fruntime/-/runtime-7.14.6.tgz",
      "integrity": "sha1-U1IDvAiS78fexgvcJ7Ls9uQJBi0=",
      "requires": {
        "regenerator-runtime": "^0.13.4"
      }
    },
    "@babel/types": {
      "version": "7.14.5",
      "resolved": "http://10.12.102.194:4873/@babel%2ftypes/-/types-7.14.5.tgz",
      "integrity": "sha1-O7mXuoKaIQTO2yBonEpbgSHTg/8=",
      "requires": {
        "@babel/helper-validator-identifier": "^7.14.5",
        "to-fast-properties": "^2.0.0"
      }
    },
    "@ctrl/tinycolor": {
      "version": "3.4.0",
      "resolved": "http://10.12.102.194:4873/@ctrl%2ftinycolor/-/tinycolor-3.4.0.tgz",
      "integrity": "sha1-w8WuVDyJfKqcKmhjC+01W+X5mQ8="
    },
    "@rollup/pluginutils": {
      "version": "4.1.0",
      "resolved": "http://10.12.102.194:4873/@rollup%2fpluginutils/-/pluginutils-4.1.0.tgz",
      "integrity": "sha1-Dcxhx4DjkldVT+t/dyB9zsoTyDg=",
      "dev": true,
      "requires": {
        "estree-walker": "^2.0.1",
        "picomatch": "^2.2.2"
      }
    },
    "@simonwep/pickr": {
      "version": "1.8.1",
      "resolved": "http://10.12.102.194:4873/@simonwep%2fpickr/-/pickr-1.8.1.tgz",
      "integrity": "sha1-4TbL2cNF3bt9cesUr1RMeYFl1JU=",
      "requires": {
        "core-js": "^3.12.1",
        "nanopop": "^2.1.0"
      }
    },
    "@types/estree": {
      "version": "0.0.48",
      "resolved": "http://10.12.102.194:4873/@types%2festree/-/estree-0.0.48.tgz",
      "integrity": "sha1-GNyAkbKF35DbLyWqfZBs/DlLf3Q=",
      "dev": true
    },
    "@types/lodash": {
      "version": "4.14.170",
      "resolved": "http://10.12.102.194:4873/@types%2flodash/-/lodash-4.14.170.tgz",
      "integrity": "sha1-DWdxHUv39MpRR+kJG4R0ebh5JdY="
    },
    "@types/node": {
      "version": "15.12.5",
      "resolved": "http://10.12.102.194:4873/@types%2fnode/-/node-15.12.5.tgz",
      "integrity": "sha1-mngxikXXXJUj0jlhMb08ylSy0YU=",
      "dev": true
    },
    "@vitejs/plugin-vue": {
      "version": "1.2.3",
      "resolved": "http://10.12.102.194:4873/@vitejs%2fplugin-vue/-/plugin-vue-1.2.3.tgz",
      "integrity": "sha1-Lo4AixzDpq0d++x1dDx//ZtIcqY=",
      "dev": true
    },
    "@vue/compiler-core": {
      "version": "3.1.2",
      "resolved": "http://10.12.102.194:4873/@vue%2fcompiler-core/-/compiler-core-3.1.2.tgz",
      "integrity": "sha1-MasdiOFwalx6VF+u62TDG9AQHbA=",
      "requires": {
        "@babel/parser": "^7.12.0",
        "@babel/types": "^7.12.0",
        "@vue/shared": "3.1.2",
        "estree-walker": "^2.0.1",
        "source-map": "^0.6.1"
      }
    },
    "@vue/compiler-dom": {
      "version": "3.1.2",
      "resolved": "http://10.12.102.194:4873/@vue%2fcompiler-dom/-/compiler-dom-3.1.2.tgz",
      "integrity": "sha1-dadzG8xdlxgYOjxWwY6ZL3wT57E=",
      "requires": {
        "@vue/compiler-core": "3.1.2",
        "@vue/shared": "3.1.2"
      }
    },
    "@vue/compiler-sfc": {
      "version": "3.1.2",
      "resolved": "http://10.12.102.194:4873/@vue%2fcompiler-sfc/-/compiler-sfc-3.1.2.tgz",
      "integrity": "sha1-I/8eNm2Ie5ZImVaL/8sR49BRH8Q=",
      "dev": true,
      "requires": {
        "@babel/parser": "^7.13.9",
        "@babel/types": "^7.13.0",
        "@types/estree": "^0.0.48",
        "@vue/compiler-core": "3.1.2",
        "@vue/compiler-dom": "3.1.2",
        "@vue/compiler-ssr": "3.1.2",
        "@vue/shared": "3.1.2",
        "consolidate": "^0.16.0",
        "estree-walker": "^2.0.1",
        "hash-sum": "^2.0.0",
        "lru-cache": "^5.1.1",
        "magic-string": "^0.25.7",
        "merge-source-map": "^1.1.0",
        "postcss": "^8.1.10",
        "postcss-modules": "^4.0.0",
        "postcss-selector-parser": "^6.0.4",
        "source-map": "^0.6.1"
      }
    },
    "@vue/compiler-ssr": {
      "version": "3.1.2",
      "resolved": "http://10.12.102.194:4873/@vue%2fcompiler-ssr/-/compiler-ssr-3.1.2.tgz",
      "integrity": "sha1-4zrQh22blvCVDiKw4XS5TBsEnS0=",
      "dev": true,
      "requires": {
        "@vue/compiler-dom": "3.1.2",
        "@vue/shared": "3.1.2"
      }
    },
    "@vue/devtools-api": {
      "version": "6.0.0-beta.14",
      "resolved": "http://10.12.102.194:4873/@vue%2fdevtools-api/-/devtools-api-6.0.0-beta.14.tgz",
      "integrity": "sha1-btLW+NZqklbJrQS//wgwm6h7lyM="
    },
    "@vue/reactivity": {
      "version": "3.1.2",
      "resolved": "http://10.12.102.194:4873/@vue%2freactivity/-/reactivity-3.1.2.tgz",
      "integrity": "sha1-ZvpTDdcm0v7yha5V0CEGpyfbRjs=",
      "requires": {
        "@vue/shared": "3.1.2"
      }
    },
    "@vue/runtime-core": {
      "version": "3.1.2",
      "resolved": "http://10.12.102.194:4873/@vue%2fruntime-core/-/runtime-core-3.1.2.tgz",
      "integrity": "sha1-9NvFA8/JoCq18evgAsMyJRIGSlQ=",
      "requires": {
        "@vue/reactivity": "3.1.2",
        "@vue/shared": "3.1.2"
      }
    },
    "@vue/runtime-dom": {
      "version": "3.1.2",
      "resolved": "http://10.12.102.194:4873/@vue%2fruntime-dom/-/runtime-dom-3.1.2.tgz",
      "integrity": "sha1-D9hyTxS8e6ZLbJVNh0qNik/LX+k=",
      "requires": {
        "@vue/runtime-core": "3.1.2",
        "@vue/shared": "3.1.2",
        "csstype": "^2.6.8"
      }
    },
    "@vue/shared": {
      "version": "3.1.2",
      "resolved": "http://10.12.102.194:4873/@vue%2fshared/-/shared-3.1.2.tgz",
      "integrity": "sha1-EGnAvH1vS9FczzpfO+KUUKyjaPk="
    },
    "ant-design-vue": {
      "version": "2.2.0-rc.1",
      "resolved": "http://10.12.102.194:4873/ant-design-vue/-/ant-design-vue-2.2.0-rc.1.tgz",
      "integrity": "sha1-XjLhAsZPUX1GnHr0A81hM7Ssi0U=",
      "requires": {
        "@ant-design/icons-vue": "^6.0.0",
        "@babel/runtime": "^7.10.5",
        "@simonwep/pickr": "~1.8.0",
        "array-tree-filter": "^2.1.0",
        "async-validator": "^3.3.0",
        "dom-align": "^1.12.1",
        "dom-scroll-into-view": "^2.0.0",
        "lodash": "^4.17.21",
        "lodash-es": "^4.17.15",
        "moment": "^2.27.0",
        "omit.js": "^2.0.0",
        "scroll-into-view-if-needed": "^2.2.25",
        "shallow-equal": "^1.0.0",
        "vue-types": "^3.0.0",
        "warning": "^4.0.0"
      }
    },
    "array-tree-filter": {
      "version": "2.1.0",
      "resolved": "http://10.12.102.194:4873/array-tree-filter/-/array-tree-filter-2.1.0.tgz",
      "integrity": "sha1-hzrAD+yDdJ8lWsjdCDgUtPYykZA="
    },
    "async-validator": {
      "version": "3.5.2",
      "resolved": "http://10.12.102.194:4873/async-validator/-/async-validator-3.5.2.tgz",
      "integrity": "sha1-aOhmqWgk6LJpT/eoMcGiXETV5QA="
    },
    "balanced-match": {
      "version": "1.0.2",
      "resolved": "http://10.12.102.194:4873/balanced-match/-/balanced-match-1.0.2.tgz",
      "integrity": "sha1-6D46fj8wCzTLnYf2FfoMvzV2kO4=",
      "dev": true
    },
    "big-integer": {
      "version": "1.6.48",
      "resolved": "http://10.12.102.194:4873/big-integer/-/big-integer-1.6.48.tgz",
      "integrity": "sha1-j9iL0WMsukocjD49cVnwi7lbS54=",
      "dev": true
    },
    "big.js": {
      "version": "5.2.2",
      "resolved": "http://10.12.102.194:4873/big.js/-/big.js-5.2.2.tgz",
      "integrity": "sha1-ZfCvOC9Xi83HQr2cKB6cstd2gyg=",
      "dev": true
    },
    "binary": {
      "version": "0.3.0",
      "resolved": "http://10.12.102.194:4873/binary/-/binary-0.3.0.tgz",
      "integrity": "sha1-n2BVO8XOjDOG87VTz/R0Yq3sqnk=",
      "dev": true,
      "requires": {
        "buffers": "~0.1.1",
        "chainsaw": "~0.1.0"
      }
    },
    "bluebird": {
      "version": "3.7.2",
      "resolved": "http://10.12.102.194:4873/bluebird/-/bluebird-3.7.2.tgz",
      "integrity": "sha1-nyKcFb4nJFT/qXOs4NvueaGww28=",
      "dev": true
    },
    "brace-expansion": {
      "version": "1.1.11",
      "resolved": "http://10.12.102.194:4873/brace-expansion/-/brace-expansion-1.1.11.tgz",
      "integrity": "sha512-iCuPHDFgrHX7H2vEI/5xpz07zSHB00TpugqhmYtVmMO6518mCuRMoOYFldEBl0g187ufozdaHgWKcYFb61qGiA==",
      "dev": true,
      "requires": {
        "balanced-match": "^1.0.0",
        "concat-map": "0.0.1"
      }
    },
    "buffer-indexof-polyfill": {
      "version": "1.0.2",
      "resolved": "http://10.12.102.194:4873/buffer-indexof-polyfill/-/buffer-indexof-polyfill-1.0.2.tgz",
      "integrity": "sha1-0nMhNcWZnGSyd/z5savjSYJUcpw=",
      "dev": true
    },
    "buffers": {
      "version": "0.1.1",
      "resolved": "http://10.12.102.194:4873/buffers/-/buffers-0.1.1.tgz",
      "integrity": "sha1-skV5w77U1tOWru5tmorn9Ugqt7s=",
      "dev": true
    },
    "camel-case": {
      "version": "4.1.2",
      "resolved": "http://10.12.102.194:4873/camel-case/-/camel-case-4.1.2.tgz",
      "integrity": "sha1-lygHKpVPgFIoIlpt7qazhGHhvVo=",
      "dev": true,
      "requires": {
        "pascal-case": "^3.1.2",
        "tslib": "^2.0.3"
      }
    },
    "capital-case": {
      "version": "1.0.4",
      "resolved": "http://10.12.102.194:4873/capital-case/-/capital-case-1.0.4.tgz",
      "integrity": "sha1-nRMCkjU8kkn2sA+lhSvuOKcX5mk=",
      "dev": true,
      "requires": {
        "no-case": "^3.0.4",
        "tslib": "^2.0.3",
        "upper-case-first": "^2.0.2"
      }
    },
    "chainsaw": {
      "version": "0.1.0",
      "resolved": "http://10.12.102.194:4873/chainsaw/-/chainsaw-0.1.0.tgz",
      "integrity": "sha1-XqtQsor+WAdNDVgpE4iCi15fvJg=",
      "dev": true,
      "requires": {
        "traverse": ">=0.3.0 <0.4"
      }
    },
    "change-case": {
      "version": "4.1.2",
      "resolved": "http://10.12.102.194:4873/change-case/-/change-case-4.1.2.tgz",
      "integrity": "sha1-/t/F8TYEXiOYwEEO5EH5VwRkHhI=",
      "dev": true,
      "requires": {
        "camel-case": "^4.1.2",
        "capital-case": "^1.0.4",
        "constant-case": "^3.0.4",
        "dot-case": "^3.0.4",
        "header-case": "^2.0.4",
        "no-case": "^3.0.4",
        "param-case": "^3.0.4",
        "pascal-case": "^3.1.2",
        "path-case": "^3.0.4",
        "sentence-case": "^3.0.4",
        "snake-case": "^3.0.4",
        "tslib": "^2.0.3"
      }
    },
    "colorette": {
      "version": "1.2.2",
      "resolved": "http://10.12.102.194:4873/colorette/-/colorette-1.2.2.tgz",
      "integrity": "sha1-y8x51emcrqLb8Q6zom/Ys+as+pQ=",
      "dev": true
    },
    "compute-scroll-into-view": {
      "version": "1.0.17",
      "resolved": "http://10.12.102.194:4873/compute-scroll-into-view/-/compute-scroll-into-view-1.0.17.tgz",
      "integrity": "sha1-aojxis2dQunPS6pr7H4FImB6t6s="
    },
    "concat-map": {
      "version": "0.0.1",
      "resolved": "http://10.12.102.194:4873/concat-map/-/concat-map-0.0.1.tgz",
      "integrity": "sha1-2Klr13/Wjfd5OnMDajug1UBdR3s=",
      "dev": true
    },
    "consolidate": {
      "version": "0.16.0",
      "resolved": "http://10.12.102.194:4873/consolidate/-/consolidate-0.16.0.tgz",
      "integrity": "sha1-oRhkdokw8vGUMWYKZZBmaPX73BY=",
      "dev": true,
      "requires": {
        "bluebird": "^3.7.2"
      }
    },
    "constant-case": {
      "version": "3.0.4",
      "resolved": "http://10.12.102.194:4873/constant-case/-/constant-case-3.0.4.tgz",
      "integrity": "sha1-O4Sprq9M8x7EXmv13pG9+wWJ+vE=",
      "dev": true,
      "requires": {
        "no-case": "^3.0.4",
        "tslib": "^2.0.3",
        "upper-case": "^2.0.2"
      }
    },
    "core-js": {
      "version": "3.15.2",
      "resolved": "http://10.12.102.194:4873/core-js/-/core-js-3.15.2.tgz",
      "integrity": "sha1-dAZg0v9V7zTOZk1+JFURnFvdPWE="
    },
    "core-util-is": {
      "version": "1.0.2",
      "resolved": "http://10.12.102.194:4873/core-util-is/-/core-util-is-1.0.2.tgz",
      "integrity": "sha1-tf1UIgqivFq1eqtxQMlAdUUDwac=",
      "dev": true
    },
    "cssesc": {
      "version": "3.0.0",
      "resolved": "http://10.12.102.194:4873/cssesc/-/cssesc-3.0.0.tgz",
      "integrity": "sha1-N3QZGZA7hoVl4cCep0dEXNGJg+4=",
      "dev": true
    },
    "csstype": {
      "version": "2.6.17",
      "resolved": "http://10.12.102.194:4873/csstype/-/csstype-2.6.17.tgz",
      "integrity": "sha1-TPMOuH4dGgBdi2UQ+VKSQT9qHA4="
    },
    "debug": {
      "version": "4.3.2",
      "resolved": "http://10.12.102.194:4873/debug/-/debug-4.3.2.tgz",
      "integrity": "sha1-8KScGKyHeeMdSgxgKd+3aHPHQos=",
      "dev": true,
      "requires": {
        "ms": "2.1.2"
      }
    },
    "dom-align": {
      "version": "1.12.2",
      "resolved": "http://10.12.102.194:4873/dom-align/-/dom-align-1.12.2.tgz",
      "integrity": "sha1-D4Fk69DJwhsMeQMQSTzYVYkqzUs="
    },
    "dom-scroll-into-view": {
      "version": "2.0.1",
      "resolved": "http://10.12.102.194:4873/dom-scroll-into-view/-/dom-scroll-into-view-2.0.1.tgz",
      "integrity": "sha1-DezIUigB/Y0/HGujVadNOCxfmJs="
    },
    "dot-case": {
      "version": "3.0.4",
      "resolved": "http://10.12.102.194:4873/dot-case/-/dot-case-3.0.4.tgz",
      "integrity": "sha1-mytnDQCkMWZ6inW6Kc0bmICc51E=",
      "dev": true,
      "requires": {
        "no-case": "^3.0.4",
        "tslib": "^2.0.3"
      }
    },
    "duplexer2": {
      "version": "0.1.4",
      "resolved": "http://10.12.102.194:4873/duplexer2/-/duplexer2-0.1.4.tgz",
      "integrity": "sha1-ixLauHjA1p4+eJEFFmKjL8a93ME=",
      "dev": true,
      "requires": {
        "readable-stream": "^2.0.2"
      }
    },
    "emojis-list": {
      "version": "3.0.0",
      "resolved": "http://10.12.102.194:4873/emojis-list/-/emojis-list-3.0.0.tgz",
      "integrity": "sha1-VXBmIEatKeLpFucariYKvf9Pang=",
      "dev": true
    },
    "es-module-lexer": {
      "version": "0.6.0",
      "resolved": "http://10.12.102.194:4873/es-module-lexer/-/es-module-lexer-0.6.0.tgz",
      "integrity": "sha1-5yqwW3QS5iub43w3oJvbYADXBvA=",
      "dev": true
    },
    "esbuild": {
      "version": "0.12.9",
      "resolved": "http://10.12.102.194:4873/esbuild/-/esbuild-0.12.9.tgz",
      "integrity": "sha1-vtTnCHwobNgdl1Yx931H/rFmAHA=",
      "dev": true
    },
    "estree-walker": {
      "version": "2.0.2",
      "resolved": "http://10.12.102.194:4873/estree-walker/-/estree-walker-2.0.2.tgz",
      "integrity": "sha1-UvAQF4wqTBF6d1fP6UKtt9LaTKw="
    },
    "fs.realpath": {
      "version": "1.0.0",
      "resolved": "http://10.12.102.194:4873/fs.realpath/-/fs.realpath-1.0.0.tgz",
      "integrity": "sha1-FQStJSMVjKpA20onh8sBQRmU6k8=",
      "dev": true
    },
    "fsevents": {
      "version": "2.3.2",
      "resolved": "http://10.12.102.194:4873/fsevents/-/fsevents-2.3.2.tgz",
      "integrity": "sha1-ilJveLj99GI7cJ4Ll1xSwkwC/Ro=",
      "dev": true,
      "optional": true
    },
    "fstream": {
      "version": "1.0.12",
      "resolved": "http://10.12.102.194:4873/fstream/-/fstream-1.0.12.tgz",
      "integrity": "sha1-Touo7i1Ivk99DeUFRVVI6uWTIEU=",
      "dev": true,
      "requires": {
        "graceful-fs": "^4.1.2",
        "inherits": "~2.0.0",
        "mkdirp": ">=0.5 0",
        "rimraf": "2"
      }
    },
    "function-bind": {
      "version": "1.1.1",
      "resolved": "http://10.12.102.194:4873/function-bind/-/function-bind-1.1.1.tgz",
      "integrity": "sha512-yIovAzMX49sF8Yl58fSCWJ5svSLuaibPxXQJFLmBObTuCr0Mf1KiPopGM9NiFjiYBCbfaa2Fh6breQ6ANVTI0A==",
      "dev": true
    },
    "generic-names": {
      "version": "2.0.1",
      "resolved": "http://10.12.102.194:4873/generic-names/-/generic-names-2.0.1.tgz",
      "integrity": "sha1-+KN46tLMqno08DF7BVVIMq5BuHI=",
      "dev": true,
      "requires": {
        "loader-utils": "^1.1.0"
      }
    },
    "glob": {
      "version": "7.1.7",
      "resolved": "http://10.12.102.194:4873/glob/-/glob-7.1.7.tgz",
      "integrity": "sha1-Oxk+kjPwHULQs/eClLvutBj5SpA=",
      "dev": true,
      "requires": {
        "fs.realpath": "^1.0.0",
        "inflight": "^1.0.4",
        "inherits": "2",
        "minimatch": "^3.0.4",
        "once": "^1.3.0",
        "path-is-absolute": "^1.0.0"
      }
    },
    "graceful-fs": {
      "version": "4.2.6",
      "resolved": "http://10.12.102.194:4873/graceful-fs/-/graceful-fs-4.2.6.tgz",
      "integrity": "sha1-/wQLKwhTsjw9MQJ1I3BvGIXXa+4=",
      "dev": true
    },
    "has": {
      "version": "1.0.3",
      "resolved": "http://10.12.102.194:4873/has/-/has-1.0.3.tgz",
      "integrity": "sha1-ci18v8H2qoJB8W3YFOAR4fQeh5Y=",
      "dev": true,
      "requires": {
        "function-bind": "^1.1.1"
      }
    },
    "hash-sum": {
      "version": "2.0.0",
      "resolved": "http://10.12.102.194:4873/hash-sum/-/hash-sum-2.0.0.tgz",
      "integrity": "sha1-gdAbtd6OpKIUrV1urRtSNGCwtFo=",
      "dev": true
    },
    "header-case": {
      "version": "2.0.4",
      "resolved": "http://10.12.102.194:4873/header-case/-/header-case-2.0.4.tgz",
      "integrity": "sha1-WkLmO1UXc0nPQFvrjXdayruSwGM=",
      "dev": true,
      "requires": {
        "capital-case": "^1.0.4",
        "tslib": "^2.0.3"
      }
    },
    "icss-replace-symbols": {
      "version": "1.1.0",
      "resolved": "http://10.12.102.194:4873/icss-replace-symbols/-/icss-replace-symbols-1.1.0.tgz",
      "integrity": "sha1-Bupvg2ead0njhs/h/oEq5dsiPe0=",
      "dev": true
    },
    "icss-utils": {
      "version": "5.1.0",
      "resolved": "http://10.12.102.194:4873/icss-utils/-/icss-utils-5.1.0.tgz",
      "integrity": "sha1-xr5oWKvQE9do6YNmrkfiXViHsa4=",
      "dev": true
    },
    "inflight": {
      "version": "1.0.6",
      "resolved": "http://10.12.102.194:4873/inflight/-/inflight-1.0.6.tgz",
      "integrity": "sha1-Sb1jMdfQLQwJvJEKEHW6gWW1bfk=",
      "dev": true,
      "requires": {
        "once": "^1.3.0",
        "wrappy": "1"
      }
    },
    "inherits": {
      "version": "2.0.4",
      "resolved": "http://10.12.102.194:4873/inherits/-/inherits-2.0.4.tgz",
      "integrity": "sha1-D6LGT5MpF8NDOg3tVTY6rjdBa3w=",
      "dev": true
    },
    "is-core-module": {
      "version": "2.4.0",
      "resolved": "http://10.12.102.194:4873/is-core-module/-/is-core-module-2.4.0.tgz",
      "integrity": "sha1-jp/I4VAnsBFBgCbpjw5vTYYwXME=",
      "dev": true,
      "requires": {
        "has": "^1.0.3"
      }
    },
    "is-plain-object": {
      "version": "3.0.1",
      "resolved": "http://10.12.102.194:4873/is-plain-object/-/is-plain-object-3.0.1.tgz",
      "integrity": "sha1-Zi2S0kwKpDAkB7DUXSHyJRyF+Fs="
    },
    "isarray": {
      "version": "1.0.0",
      "resolved": "http://10.12.102.194:4873/isarray/-/isarray-1.0.0.tgz",
      "integrity": "sha1-u5NdSFgsuhaMBoNJV6VKPgcSTxE=",
      "dev": true
    },
    "js-tokens": {
      "version": "4.0.0",
      "resolved": "http://10.12.102.194:4873/js-tokens/-/js-tokens-4.0.0.tgz",
      "integrity": "sha512-RdJUflcE3cUzKiMqQgsCu06FPu9UdIJO0beYbPhHN4k6apgJtifcoCtT9bcxOpYBtpD2kCM6Sbzg4CausW/PKQ=="
    },
    "json5": {
      "version": "1.0.1",
      "resolved": "http://10.12.102.194:4873/json5/-/json5-1.0.1.tgz",
      "integrity": "sha512-aKS4WQjPenRxiQsC93MNfjx+nbF4PAdYzmd/1JIj8HYzqfbu86beTuNgXDzPknWk0n0uARlyewZo4s++ES36Ow==",
      "dev": true,
      "requires": {
        "minimist": "^1.2.0"
      }
    },
    "listenercount": {
      "version": "1.0.1",
      "resolved": "http://10.12.102.194:4873/listenercount/-/listenercount-1.0.1.tgz",
      "integrity": "sha1-hMinKrWcRyUyFIDJdeZQg0LnCTc=",
      "dev": true
    },
    "loader-utils": {
      "version": "1.4.0",
      "resolved": "http://10.12.102.194:4873/loader-utils/-/loader-utils-1.4.0.tgz",
      "integrity": "sha1-xXm140yzSxp07cbB+za/o3HVphM=",
      "dev": true,
      "requires": {
        "big.js": "^5.2.2",
        "emojis-list": "^3.0.0",
        "json5": "^1.0.1"
      }
    },
    "lodash": {
      "version": "4.17.21",
      "resolved": "http://10.12.102.194:4873/lodash/-/lodash-4.17.21.tgz",
      "integrity": "sha1-Z5WRxWTDv/quhFTPCz3zcMPWkRw="
    },
    "lodash-es": {
      "version": "4.17.21",
      "resolved": "http://10.12.102.194:4873/lodash-es/-/lodash-es-4.17.21.tgz",
      "integrity": "sha1-Q+YmxG5lkbd1C+srUBFzkMYJ4+4="
    },
    "lodash.camelcase": {
      "version": "4.3.0",
      "resolved": "http://10.12.102.194:4873/lodash.camelcase/-/lodash.camelcase-4.3.0.tgz",
      "integrity": "sha1-soqmKIorn8ZRA1x3EfZathkDMaY=",
      "dev": true
    },
    "loose-envify": {
      "version": "1.4.0",
      "resolved": "http://10.12.102.194:4873/loose-envify/-/loose-envify-1.4.0.tgz",
      "integrity": "sha1-ce5R+nvkyuwaY4OffmgtgTLTDK8=",
      "requires": {
        "js-tokens": "^3.0.0 || ^4.0.0"
      }
    },
    "lower-case": {
      "version": "2.0.2",
      "resolved": "http://10.12.102.194:4873/lower-case/-/lower-case-2.0.2.tgz",
      "integrity": "sha1-b6I3xj29xKgsoP2ILkci3F5jTig=",
      "dev": true,
      "requires": {
        "tslib": "^2.0.3"
      }
    },
    "lru-cache": {
      "version": "5.1.1",
      "resolved": "http://10.12.102.194:4873/lru-cache/-/lru-cache-5.1.1.tgz",
      "integrity": "sha1-HaJ+ZxAnGUdpXa9oSOhH8B2EuSA=",
      "dev": true,
      "requires": {
        "yallist": "^3.0.2"
      }
    },
    "magic-string": {
      "version": "0.25.7",
      "resolved": "http://10.12.102.194:4873/magic-string/-/magic-string-0.25.7.tgz",
      "integrity": "sha1-P0l9b9NMZpxnmNy4IfLvMfVEUFE=",
      "dev": true,
      "requires": {
        "sourcemap-codec": "^1.4.4"
      }
    },
    "merge-source-map": {
      "version": "1.1.0",
      "resolved": "http://10.12.102.194:4873/merge-source-map/-/merge-source-map-1.1.0.tgz",
      "integrity": "sha1-L93n5gIJOfcJBqaPLXrmheTIxkY=",
      "dev": true,
      "requires": {
        "source-map": "^0.6.1"
      }
    },
    "minimatch": {
      "version": "3.0.4",
      "resolved": "http://10.12.102.194:4873/minimatch/-/minimatch-3.0.4.tgz",
      "integrity": "sha512-yJHVQEhyqPLUTgt9B83PXu6W3rx4MvvHvSUvToogpwoGDOUQ+yDrR0HRot+yOCdCO7u4hX3pWft6kWBBcqh0UA==",
      "dev": true,
      "requires": {
        "brace-expansion": "^1.1.7"
      }
    },
    "minimist": {
      "version": "1.2.5",
      "resolved": "http://10.12.102.194:4873/minimist/-/minimist-1.2.5.tgz",
      "integrity": "sha1-Z9ZgFLZqaoqqDAg8X9WN9OTpdgI=",
      "dev": true
    },
    "mkdirp": {
      "version": "0.5.5",
      "resolved": "http://10.12.102.194:4873/mkdirp/-/mkdirp-0.5.5.tgz",
      "integrity": "sha1-2Rzv1i0UNsoPQWIOJRKI1CAJne8=",
      "dev": true,
      "requires": {
        "minimist": "^1.2.5"
      }
    },
    "moment": {
      "version": "2.29.1",
      "resolved": "http://10.12.102.194:4873/moment/-/moment-2.29.1.tgz",
      "integrity": "sha1-sr52n6MZQL6e7qZGnAdeNQBvo9M="
    },
    "ms": {
      "version": "2.1.2",
      "resolved": "http://10.12.102.194:4873/ms/-/ms-2.1.2.tgz",
      "integrity": "sha1-0J0fNXtEP0kzgqjrPM0YOHKuYAk=",
      "dev": true
    },
    "nanoid": {
      "version": "3.1.23",
      "resolved": "http://10.12.102.194:4873/nanoid/-/nanoid-3.1.23.tgz",
      "integrity": "sha1-90QIbOfCvEfuCoRyV01ceOQYOoE=",
      "dev": true
    },
    "nanopop": {
      "version": "2.1.0",
      "resolved": "http://10.12.102.194:4873/nanopop/-/nanopop-2.1.0.tgz",
      "integrity": "sha1-I0dlE87iQFiIr9LopLVAZrcLnmA="
    },
    "no-case": {
      "version": "3.0.4",
      "resolved": "http://10.12.102.194:4873/no-case/-/no-case-3.0.4.tgz",
      "integrity": "sha1-02H9XJgA9VhVGoNp/A3NRmK2Ek0=",
      "dev": true,
      "requires": {
        "lower-case": "^2.0.2",
        "tslib": "^2.0.3"
      }
    },
    "omit.js": {
      "version": "2.0.2",
      "resolved": "http://10.12.102.194:4873/omit.js/-/omit.js-2.0.2.tgz",
      "integrity": "sha1-3ZuENvq5R6Xz/yFMslOGMeMT7C8="
    },
    "once": {
      "version": "1.4.0",
      "resolved": "http://10.12.102.194:4873/once/-/once-1.4.0.tgz",
      "integrity": "sha1-WDsap3WWHUsROsF9nFC6753Xa9E=",
      "dev": true,
      "requires": {
        "wrappy": "1"
      }
    },
    "param-case": {
      "version": "3.0.4",
      "resolved": "http://10.12.102.194:4873/param-case/-/param-case-3.0.4.tgz",
      "integrity": "sha1-fRf+SqEr3jTUp32RrPtiGcqtAcU=",
      "dev": true,
      "requires": {
        "dot-case": "^3.0.4",
        "tslib": "^2.0.3"
      }
    },
    "pascal-case": {
      "version": "3.1.2",
      "resolved": "http://10.12.102.194:4873/pascal-case/-/pascal-case-3.1.2.tgz",
      "integrity": "sha1-tI4O8rmOIF58Ha50fQsVCCN2YOs=",
      "dev": true,
      "requires": {
        "no-case": "^3.0.4",
        "tslib": "^2.0.3"
      }
    },
    "path-case": {
      "version": "3.0.4",
      "resolved": "http://10.12.102.194:4873/path-case/-/path-case-3.0.4.tgz",
      "integrity": "sha1-kWhkUzTrlCZYN1xW+AtMDLX4LG8=",
      "dev": true,
      "requires": {
        "dot-case": "^3.0.4",
        "tslib": "^2.0.3"
      }
    },
    "path-is-absolute": {
      "version": "1.0.1",
      "resolved": "http://10.12.102.194:4873/path-is-absolute/-/path-is-absolute-1.0.1.tgz",
      "integrity": "sha1-F0uSaHNVNP+8es5r9TpanhtcX18=",
      "dev": true
    },
    "path-parse": {
      "version": "1.0.7",
      "resolved": "http://10.12.102.194:4873/path-parse/-/path-parse-1.0.7.tgz",
      "integrity": "sha1-+8EUtgykKzDZ2vWFjkvWi77bZzU=",
      "dev": true
    },
    "picomatch": {
      "version": "2.3.0",
      "resolved": "http://10.12.102.194:4873/picomatch/-/picomatch-2.3.0.tgz",
      "integrity": "sha1-8fBh3o9qS/AiiS4tEoI0+5gwKXI=",
      "dev": true
    },
    "postcss": {
      "version": "8.3.5",
      "resolved": "http://10.12.102.194:4873/postcss/-/postcss-8.3.5.tgz",
      "integrity": "sha1-mCIWsRNBK8IKhiiekeuZSVKltwk=",
      "dev": true,
      "requires": {
        "colorette": "^1.2.2",
        "nanoid": "^3.1.23",
        "source-map-js": "^0.6.2"
      }
    },
    "postcss-modules": {
      "version": "4.1.3",
      "resolved": "http://10.12.102.194:4873/postcss-modules/-/postcss-modules-4.1.3.tgz",
      "integrity": "sha1-xMTEHZjZfSTHDojaz8l69aSz4h0=",
      "dev": true,
      "requires": {
        "generic-names": "^2.0.1",
        "icss-replace-symbols": "^1.1.0",
        "lodash.camelcase": "^4.3.0",
        "postcss-modules-extract-imports": "^3.0.0",
        "postcss-modules-local-by-default": "^4.0.0",
        "postcss-modules-scope": "^3.0.0",
        "postcss-modules-values": "^4.0.0",
        "string-hash": "^1.1.1"
      }
    },
    "postcss-modules-extract-imports": {
      "version": "3.0.0",
      "resolved": "http://10.12.102.194:4873/postcss-modules-extract-imports/-/postcss-modules-extract-imports-3.0.0.tgz",
      "integrity": "sha1-zaHwR8CugMl9vijD52pDuIAldB0=",
      "dev": true
    },
    "postcss-modules-local-by-default": {
      "version": "4.0.0",
      "resolved": "http://10.12.102.194:4873/postcss-modules-local-by-default/-/postcss-modules-local-by-default-4.0.0.tgz",
      "integrity": "sha1-67tU+uFZjuz99pGgKz/zs5ClpRw=",
      "dev": true,
      "requires": {
        "icss-utils": "^5.0.0",
        "postcss-selector-parser": "^6.0.2",
        "postcss-value-parser": "^4.1.0"
      }
    },
    "postcss-modules-scope": {
      "version": "3.0.0",
      "resolved": "http://10.12.102.194:4873/postcss-modules-scope/-/postcss-modules-scope-3.0.0.tgz",
      "integrity": "sha1-nvMVFFbTu/oSDKRImN/Kby+gHwY=",
      "dev": true,
      "requires": {
        "postcss-selector-parser": "^6.0.4"
      }
    },
    "postcss-modules-values": {
      "version": "4.0.0",
      "resolved": "http://10.12.102.194:4873/postcss-modules-values/-/postcss-modules-values-4.0.0.tgz",
      "integrity": "sha1-18Xn5ow7s8myfL9Iyguz/7RgLJw=",
      "dev": true,
      "requires": {
        "icss-utils": "^5.0.0"
      }
    },
    "postcss-selector-parser": {
      "version": "6.0.6",
      "resolved": "http://10.12.102.194:4873/postcss-selector-parser/-/postcss-selector-parser-6.0.6.tgz",
      "integrity": "sha1-LFu6gXSsL2mBq2MaQqsO5UrzMuo=",
      "dev": true,
      "requires": {
        "cssesc": "^3.0.0",
        "util-deprecate": "^1.0.2"
      }
    },
    "postcss-value-parser": {
      "version": "4.1.0",
      "resolved": "http://10.12.102.194:4873/postcss-value-parser/-/postcss-value-parser-4.1.0.tgz",
      "integrity": "sha1-RD9qIM7WSBor2k+oUypuVdeJoss=",
      "dev": true
    },
    "process-nextick-args": {
      "version": "2.0.1",
      "resolved": "http://10.12.102.194:4873/process-nextick-args/-/process-nextick-args-2.0.1.tgz",
      "integrity": "sha1-eCDZsWEgzFXKmud5JoCufbptf+I=",
      "dev": true
    },
    "readable-stream": {
      "version": "2.3.7",
      "resolved": "http://10.12.102.194:4873/readable-stream/-/readable-stream-2.3.7.tgz",
      "integrity": "sha1-Hsoc9xGu+BTAT2IlKjamL2yyO1c=",
      "dev": true,
      "requires": {
        "core-util-is": "~1.0.0",
        "inherits": "~2.0.3",
        "isarray": "~1.0.0",
        "process-nextick-args": "~2.0.0",
        "safe-buffer": "~5.1.1",
        "string_decoder": "~1.1.1",
        "util-deprecate": "~1.0.1"
      }
    },
    "regenerator-runtime": {
      "version": "0.13.7",
      "resolved": "http://10.12.102.194:4873/regenerator-runtime/-/regenerator-runtime-0.13.7.tgz",
      "integrity": "sha1-ysLazIoepnX+qrrriugziYrkb1U="
    },
    "resolve": {
      "version": "1.20.0",
      "resolved": "http://10.12.102.194:4873/resolve/-/resolve-1.20.0.tgz",
      "integrity": "sha1-YpoBP7P3B1XW8LeTXMHCxTeLGXU=",
      "dev": true,
      "requires": {
        "is-core-module": "^2.2.0",
        "path-parse": "^1.0.6"
      }
    },
    "rimraf": {
      "version": "2.7.1",
      "resolved": "http://10.12.102.194:4873/rimraf/-/rimraf-2.7.1.tgz",
      "integrity": "sha1-NXl/E6f9rcVmFCwp1PB8ytSD4+w=",
      "dev": true,
      "requires": {
        "glob": "^7.1.3"
      }
    },
    "rollup": {
      "version": "2.52.3",
      "resolved": "http://10.12.102.194:4873/rollup/-/rollup-2.52.3.tgz",
      "integrity": "sha1-Bi/DyF9nc21nWHSTEM/uZINsTio=",
      "dev": true,
      "requires": {
        "fsevents": "~2.3.2"
      }
    },
    "safe-buffer": {
      "version": "5.1.2",
      "resolved": "http://10.12.102.194:4873/safe-buffer/-/safe-buffer-5.1.2.tgz",
      "integrity": "sha1-mR7GnSluAxN0fVm9/St0XDX4go0=",
      "dev": true
    },
    "scroll-into-view-if-needed": {
      "version": "2.2.28",
      "resolved": "http://10.12.102.194:4873/scroll-into-view-if-needed/-/scroll-into-view-if-needed-2.2.28.tgz",
      "integrity": "sha1-WhWy9YpSZCyIyOylhGROAXA9ZFo=",
      "requires": {
        "compute-scroll-into-view": "^1.0.17"
      }
    },
    "sentence-case": {
      "version": "3.0.4",
      "resolved": "http://10.12.102.194:4873/sentence-case/-/sentence-case-3.0.4.tgz",
      "integrity": "sha1-NkWnuMEXx4f96HAgViJbtipFEx8=",
      "dev": true,
      "requires": {
        "no-case": "^3.0.4",
        "tslib": "^2.0.3",
        "upper-case-first": "^2.0.2"
      }
    },
    "setimmediate": {
      "version": "1.0.5",
      "resolved": "http://10.12.102.194:4873/setimmediate/-/setimmediate-1.0.5.tgz",
      "integrity": "sha1-KQy7Iy4waULX1+qbg3Mqt4VvgoU=",
      "dev": true
    },
    "shallow-equal": {
      "version": "1.2.1",
      "resolved": "http://10.12.102.194:4873/shallow-equal/-/shallow-equal-1.2.1.tgz",
      "integrity": "sha1-TBar+lYEOqINBQMk76aJQLDaedo="
    },
    "snake-case": {
      "version": "3.0.4",
      "resolved": "http://10.12.102.194:4873/snake-case/-/snake-case-3.0.4.tgz",
      "integrity": "sha1-Tyu9Vo6ZNavf1ZPzTGkdrbScRSw=",
      "dev": true,
      "requires": {
        "dot-case": "^3.0.4",
        "tslib": "^2.0.3"
      }
    },
    "source-map": {
      "version": "0.6.1",
      "resolved": "http://10.12.102.194:4873/source-map/-/source-map-0.6.1.tgz",
      "integrity": "sha512-UjgapumWlbMhkBgzT7Ykc5YXUT46F0iKu8SGXq0bcwP5dz/h0Plj6enJqjz1Zbq2l5WaqYnrVbwWOWMyF3F47g=="
    },
    "source-map-js": {
      "version": "0.6.2",
      "resolved": "http://10.12.102.194:4873/source-map-js/-/source-map-js-0.6.2.tgz",
      "integrity": "sha1-C7XeYxtBz72mz7qL0FqA79/SOF4=",
      "dev": true
    },
    "sourcemap-codec": {
      "version": "1.4.8",
      "resolved": "http://10.12.102.194:4873/sourcemap-codec/-/sourcemap-codec-1.4.8.tgz",
      "integrity": "sha1-6oBL2UhXQC5pktBaOO8a41qatMQ=",
      "dev": true
    },
    "string-hash": {
      "version": "1.1.3",
      "resolved": "http://10.12.102.194:4873/string-hash/-/string-hash-1.1.3.tgz",
      "integrity": "sha1-6Kr8CsGFW0Zmkp7X3RJ1311sgRs=",
      "dev": true
    },
    "string_decoder": {
      "version": "1.1.1",
      "resolved": "http://10.12.102.194:4873/string_decoder/-/string_decoder-1.1.1.tgz",
      "integrity": "sha512-n/ShnvDi6FHbbVfviro+WojiFzv+s8MPMHBczVePfUpDJLwoLT0ht1l4YwBCbi8pJAveEEdnkHyPyTP/mzRfwg==",
      "dev": true,
      "requires": {
        "safe-buffer": "~5.1.0"
      }
    },
    "to-fast-properties": {
      "version": "2.0.0",
      "resolved": "http://10.12.102.194:4873/to-fast-properties/-/to-fast-properties-2.0.0.tgz",
      "integrity": "sha1-3F5pjL0HkmW8c+A3doGk5Og/YW4="
    },
    "traverse": {
      "version": "0.3.9",
      "resolved": "http://10.12.102.194:4873/traverse/-/traverse-0.3.9.tgz",
      "integrity": "sha1-cXuPIgzAu3tE5AUUwisui7xw2Lk=",
      "dev": true
    },
    "tslib": {
      "version": "2.3.0",
      "resolved": "http://10.12.102.194:4873/tslib/-/tslib-2.3.0.tgz",
      "integrity": "sha1-gDuM2rPhK6WBpMpByIObuw2ssJ4=",
      "dev": true
    },
    "typescript": {
      "version": "4.3.4",
      "resolved": "http://10.12.102.194:4873/typescript/-/typescript-4.3.4.tgz",
      "integrity": "sha1-P4W5hpRbzzEHHezdls+L+mX53Lw=",
      "dev": true
    },
    "unzipper": {
      "version": "0.10.11",
      "resolved": "http://10.12.102.194:4873/unzipper/-/unzipper-0.10.11.tgz",
      "integrity": "sha1-C0mRRGRyy9uS7nQDkJ8mwkGceC4=",
      "dev": true,
      "requires": {
        "big-integer": "^1.6.17",
        "binary": "~0.3.0",
        "bluebird": "~3.4.1",
        "buffer-indexof-polyfill": "~1.0.0",
        "duplexer2": "~0.1.4",
        "fstream": "^1.0.12",
        "graceful-fs": "^4.2.2",
        "listenercount": "~1.0.1",
        "readable-stream": "~2.3.6",
        "setimmediate": "~1.0.4"
      },
      "dependencies": {
        "bluebird": {
          "version": "3.4.7",
          "resolved": "http://10.12.102.194:4873/bluebird/-/bluebird-3.4.7.tgz",
          "integrity": "sha1-9y12C+Cbf3bQjtj66Ysomo0F+rM=",
          "dev": true
        }
      }
    },
    "upper-case": {
      "version": "2.0.2",
      "resolved": "http://10.12.102.194:4873/upper-case/-/upper-case-2.0.2.tgz",
      "integrity": "sha1-2JgQgj+qsd8VSbfZenb4Ziuub3o=",
      "dev": true,
      "requires": {
        "tslib": "^2.0.3"
      }
    },
    "upper-case-first": {
      "version": "2.0.2",
      "resolved": "http://10.12.102.194:4873/upper-case-first/-/upper-case-first-2.0.2.tgz",
      "integrity": "sha1-mSwyc/iCq9GdHgKJTMFHEX+EQyQ=",
      "dev": true,
      "requires": {
        "tslib": "^2.0.3"
      }
    },
    "util-deprecate": {
      "version": "1.0.2",
      "resolved": "http://10.12.102.194:4873/util-deprecate/-/util-deprecate-1.0.2.tgz",
      "integrity": "sha1-RQ1Nyfpw3nMnYvvS1KKJgUGaDM8=",
      "dev": true
    },
    "vite": {
      "version": "2.3.8",
      "resolved": "http://10.12.102.194:4873/vite/-/vite-2.3.8.tgz",
      "integrity": "sha1-QuPgOVOFn9QQ5OarPRzKCqsq3Dw=",
      "dev": true,
      "requires": {
        "esbuild": "^0.12.8",
        "fsevents": "~2.3.2",
        "postcss": "^8.3.4",
        "resolve": "^1.20.0",
        "rollup": "^2.38.5"
      }
    },
    "vite-plugin-style-import": {
      "version": "1.0.1",
      "resolved": "http://10.12.102.194:4873/vite-plugin-style-import/-/vite-plugin-style-import-1.0.1.tgz",
      "integrity": "sha1-v2EzfdEeTrwPNV8nHgbTdLHKXHk=",
      "dev": true,
      "requires": {
        "@rollup/pluginutils": "^4.1.0",
        "change-case": "^4.1.2",
        "debug": "^4.3.2",
        "es-module-lexer": "^0.6.0",
        "magic-string": "^0.25.7"
      }
    },
    "vue": {
      "version": "3.1.2",
      "resolved": "http://10.12.102.194:4873/vue/-/vue-3.1.2.tgz",
      "integrity": "sha1-ZH+OOUmj1gB3Hcol1QIl3D5ZTGQ=",
      "requires": {
        "@vue/compiler-dom": "3.1.2",
        "@vue/runtime-dom": "3.1.2",
        "@vue/shared": "3.1.2"
      }
    },
    "vue-router": {
      "version": "4.0.10",
      "resolved": "http://10.12.102.194:4873/vue-router/-/vue-router-4.0.10.tgz",
      "integrity": "sha1-7I/aAylJsqMdMnMXD483bobrUqw=",
      "requires": {
        "@vue/devtools-api": "^6.0.0-beta.14"
      }
    },
    "vue-tsc": {
      "version": "0.0.24",
      "resolved": "http://10.12.102.194:4873/vue-tsc/-/vue-tsc-0.0.24.tgz",
      "integrity": "sha1-DNkNtnn1PqFpQlS4Zj/bPWJKCHI=",
      "dev": true,
      "requires": {
        "unzipper": "0.10.11"
      }
    },
    "vue-types": {
      "version": "3.0.2",
      "resolved": "http://10.12.102.194:4873/vue-types/-/vue-types-3.0.2.tgz",
      "integrity": "sha1-7BbgXUEsA4Ji/B76TOuWR+f7YB0=",
      "requires": {
        "is-plain-object": "3.0.1"
      }
    },
    "warning": {
      "version": "4.0.3",
      "resolved": "http://10.12.102.194:4873/warning/-/warning-4.0.3.tgz",
      "integrity": "sha1-Fungd+uKhtavfWSqHgX9hbRnjKM=",
      "requires": {
        "loose-envify": "^1.0.0"
      }
    },
    "wrappy": {
      "version": "1.0.2",
      "resolved": "http://10.12.102.194:4873/wrappy/-/wrappy-1.0.2.tgz",
      "integrity": "sha1-tSQ9jz7BqjXxNkYFvA0QNuMKtp8=",
      "dev": true
    },
    "yallist": {
      "version": "3.1.1",
      "resolved": "http://10.12.102.194:4873/yallist/-/yallist-3.1.1.tgz",
      "integrity": "sha1-27fa+b/YusmrRev2ArjLrQ1dCP0=",
      "dev": true
    }
  }
}
